
Microsoft Visual Studio Solution File, Format Version 12.00
# Visual Studio 15
VisualStudioVersion = 15.0.27130.2036
MinimumVisualStudioVersion = 10.0.40219.1
Project("{FAE04EC0-301F-11D3-BF4B-00C04F79EFBC}") = "01._Single_Inheritance", "01._Single_Inheritance\01._Single_Inheritance.csproj", "{F343C7E5-566D-4762-92C0-6255ECDB6ED6}"
EndProject
Project("{FAE04EC0-301F-11D3-BF4B-00C04F79EFBC}") = "02._Multiple_Inheritance", "02._Multiple_Inheritance\02._Multiple_Inheritance.csproj", "{0EB6918C-1225-4197-AF0B-251AB1497492}"
EndProject
Project("{FAE04EC0-301F-11D3-BF4B-00C04F79EFBC}") = "03._Hierarchical_Inheritance", "03._Hierarchical_Inheritance\03._Hierarchical_Inheritance.csproj", "{36F2AC8B-03A0-49B2-86BC-758903B5ACCA}"
EndProject
Project("{FAE04EC0-301F-11D3-BF4B-00C04F79EFBC}") = "04._Random_List", "04._Random_List\04._Random_List.csproj", "{8AC72EAF-756F-4D6E-86FB-1789BFBFE257}"
EndProject
Project("{FAE04EC0-301F-11D3-BF4B-00C04F79EFBC}") = "05._Stack_of_Strings", "05._Stack_of_Strings\05._Stack_of_Strings.csproj", "{242376B6-6FE2-458E-9691-A910C1EAFE63}"
EndProject
Global
	GlobalSection(SolutionConfigurationPlatforms) = preSolution
		Debug|Any CPU = Debug|Any CPU
		Release|Any CPU = Release|Any CPU
	EndGlobalSection
	GlobalSection(ProjectConfigurationPlatforms) = postSolution
		{F343C7E5-566D-4762-92C0-6255ECDB6ED6}.Debug|Any CPU.ActiveCfg = Debug|Any CPU
		{F343C7E5-566D-4762-92C0-6255ECDB6ED6}.Debug|Any CPU.Build.0 = Debug|Any CPU
		{F343C7E5-566D-4762-92C0-6255ECDB6ED6}.Release|Any CPU.ActiveCfg = Release|Any CPU
		{F343C7E5-566D-4762-92C0-6255ECDB6ED6}.Release|Any CPU.Build.0 = Release|Any CPU
		{0EB6918C-1225-4197-AF0B-251AB1497492}.Debug|Any CPU.ActiveCfg = Debug|Any CPU
		{0EB6918C-1225-4197-AF0B-251AB1497492}.Debug|Any CPU.Build.0 = Debug|Any CPU
		{0EB6918C-1225-4197-AF0B-251AB1497492}.Release|Any CPU.ActiveCfg = Release|Any CPU
		{0EB6918C-1225-4197-AF0B-251AB1497492}.Release|Any CPU.Build.0 = Release|Any CPU
		{36F2AC8B-03A0-49B2-86BC-758903B5ACCA}.Debug|Any CPU.ActiveCfg = Debug|Any CPU
		{36F2AC8B-03A0-49B2-86BC-758903B5ACCA}.Debug|Any CPU.Build.0 = Debug|Any CPU
		{36F2AC8B-03A0-49B2-86BC-758903B5ACCA}.Release|Any CPU.ActiveCfg = Release|Any CPU
		{36F2AC8B-03A0-49B2-86BC-758903B5ACCA}.Release|Any CPU.Build.0 = Release|Any CPU
		{8AC72EAF-756F-4D6E-86FB-1789BFBFE257}.Debug|Any CPU.ActiveCfg = Debug|Any CPU
		{8AC72EAF-756F-4D6E-86FB-1789BFBFE257}.Debug|Any CPU.Build.0 = Debug|Any CPU
		{8AC72EAF-756F-4D6E-86FB-1789BFBFE257}.Release|Any CPU.ActiveCfg = Release|Any CPU
		{8AC72EAF-756F-4D6E-86FB-1789BFBFE257}.Release|Any CPU.Build.0 = Release|Any CPU
		{242376B6-6FE2-458E-9691-A910C1EAFE63}.Debug|Any CPU.ActiveCfg = Debug|Any CPU
		{242376B6-6FE2-458E-9691-A910C1EAFE63}.Debug|Any CPU.Build.0 = Debug|Any CPU
		{242376B6-6FE2-458E-9691-A910C1EAFE63}.Release|Any CPU.ActiveCfg = Release|Any CPU
		{242376B6-6FE2-458E-9691-A910C1EAFE63}.Release|Any CPU.Build.0 = Release|Any CPU
	EndGlobalSection
	GlobalSection(SolutionProperties) = preSolution
		HideSolutionNode = FALSE
	EndGlobalSection
	GlobalSection(ExtensibilityGlobals) = postSolution
		SolutionGuid = {C44C300F-0E3D-44A5-A6D7-F3F45A1E97D0}
	EndGlobalSection
EndGlobal
