
Microsoft Visual Studio Solution File, Format Version 12.00
# Visual Studio 15
VisualStudioVersion = 15.0.27130.2027
MinimumVisualStudioVersion = 10.0.40219.1
Project("{FAE04EC0-301F-11D3-BF4B-00C04F79EFBC}") = "01. Read File", "01. Read File\01. Read File.csproj", "{2DD6313A-8E36-476C-BBEE-D2DDC50AFDDE}"
EndProject
Project("{FAE04EC0-301F-11D3-BF4B-00C04F79EFBC}") = "02. Write to File", "02. Write to File\02. Write to File.csproj", "{292E53E6-2EF1-48C9-943E-E46D70ABC362}"
EndProject
Global
	GlobalSection(SolutionConfigurationPlatforms) = preSolution
		Debug|Any CPU = Debug|Any CPU
		Release|Any CPU = Release|Any CPU
	EndGlobalSection
	GlobalSection(ProjectConfigurationPlatforms) = postSolution
		{2DD6313A-8E36-476C-BBEE-D2DDC50AFDDE}.Debug|Any CPU.ActiveCfg = Debug|Any CPU
		{2DD6313A-8E36-476C-BBEE-D2DDC50AFDDE}.Debug|Any CPU.Build.0 = Debug|Any CPU
		{2DD6313A-8E36-476C-BBEE-D2DDC50AFDDE}.Release|Any CPU.ActiveCfg = Release|Any CPU
		{2DD6313A-8E36-476C-BBEE-D2DDC50AFDDE}.Release|Any CPU.Build.0 = Release|Any CPU
		{292E53E6-2EF1-48C9-943E-E46D70ABC362}.Debug|Any CPU.ActiveCfg = Debug|Any CPU
		{292E53E6-2EF1-48C9-943E-E46D70ABC362}.Debug|Any CPU.Build.0 = Debug|Any CPU
		{292E53E6-2EF1-48C9-943E-E46D70ABC362}.Release|Any CPU.ActiveCfg = Release|Any CPU
		{292E53E6-2EF1-48C9-943E-E46D70ABC362}.Release|Any CPU.Build.0 = Release|Any CPU
	EndGlobalSection
	GlobalSection(SolutionProperties) = preSolution
		HideSolutionNode = FALSE
	EndGlobalSection
	GlobalSection(ExtensibilityGlobals) = postSolution
		SolutionGuid = {46D761BE-7A02-460A-A3D5-DD237C88AA68}
	EndGlobalSection
EndGlobal
