
Microsoft Visual Studio Solution File, Format Version 12.00
# Visual Studio 15
VisualStudioVersion = 15.0.27004.2006
MinimumVisualStudioVersion = 10.0.40219.1
Project("{FAE04EC0-301F-11D3-BF4B-00C04F79EFBC}") = "01. Oldest Family Member", "01. Oldest Family Member\01. Oldest Family Member.csproj", "{0F69152B-887D-4A31-8676-C3B3C8BA3EB2}"
EndProject
Project("{FAE04EC0-301F-11D3-BF4B-00C04F79EFBC}") = "02. Date Modifier", "02. Date Modifier\02. Date Modifier.csproj", "{ED69D5BE-C2F9-44BD-B482-9A161FB83532}"
EndProject
Project("{FAE04EC0-301F-11D3-BF4B-00C04F79EFBC}") = "03. Raw Data", "03. Raw Data\03. Raw Data.csproj", "{C399D6C8-B90C-4CE0-A032-CDD9149923BB}"
EndProject
Project("{FAE04EC0-301F-11D3-BF4B-00C04F79EFBC}") = "04. Animal Farm", "04. Animal Farm\04. Animal Farm.csproj", "{B4F4E8B5-87F8-435B-BAAE-D6BB7F4DE528}"
EndProject
Project("{FAE04EC0-301F-11D3-BF4B-00C04F79EFBC}") = "05. Football Team Generator", "05. Football Team Generator\05. Football Team Generator.csproj", "{3464F838-9CC8-4026-AD9C-A831F129E367}"
EndProject
Global
	GlobalSection(SolutionConfigurationPlatforms) = preSolution
		Debug|Any CPU = Debug|Any CPU
		Release|Any CPU = Release|Any CPU
	EndGlobalSection
	GlobalSection(ProjectConfigurationPlatforms) = postSolution
		{0F69152B-887D-4A31-8676-C3B3C8BA3EB2}.Debug|Any CPU.ActiveCfg = Debug|Any CPU
		{0F69152B-887D-4A31-8676-C3B3C8BA3EB2}.Debug|Any CPU.Build.0 = Debug|Any CPU
		{0F69152B-887D-4A31-8676-C3B3C8BA3EB2}.Release|Any CPU.ActiveCfg = Release|Any CPU
		{0F69152B-887D-4A31-8676-C3B3C8BA3EB2}.Release|Any CPU.Build.0 = Release|Any CPU
		{ED69D5BE-C2F9-44BD-B482-9A161FB83532}.Debug|Any CPU.ActiveCfg = Debug|Any CPU
		{ED69D5BE-C2F9-44BD-B482-9A161FB83532}.Debug|Any CPU.Build.0 = Debug|Any CPU
		{ED69D5BE-C2F9-44BD-B482-9A161FB83532}.Release|Any CPU.ActiveCfg = Release|Any CPU
		{ED69D5BE-C2F9-44BD-B482-9A161FB83532}.Release|Any CPU.Build.0 = Release|Any CPU
		{C399D6C8-B90C-4CE0-A032-CDD9149923BB}.Debug|Any CPU.ActiveCfg = Debug|Any CPU
		{C399D6C8-B90C-4CE0-A032-CDD9149923BB}.Debug|Any CPU.Build.0 = Debug|Any CPU
		{C399D6C8-B90C-4CE0-A032-CDD9149923BB}.Release|Any CPU.ActiveCfg = Release|Any CPU
		{C399D6C8-B90C-4CE0-A032-CDD9149923BB}.Release|Any CPU.Build.0 = Release|Any CPU
		{B4F4E8B5-87F8-435B-BAAE-D6BB7F4DE528}.Debug|Any CPU.ActiveCfg = Debug|Any CPU
		{B4F4E8B5-87F8-435B-BAAE-D6BB7F4DE528}.Debug|Any CPU.Build.0 = Debug|Any CPU
		{B4F4E8B5-87F8-435B-BAAE-D6BB7F4DE528}.Release|Any CPU.ActiveCfg = Release|Any CPU
		{B4F4E8B5-87F8-435B-BAAE-D6BB7F4DE528}.Release|Any CPU.Build.0 = Release|Any CPU
		{3464F838-9CC8-4026-AD9C-A831F129E367}.Debug|Any CPU.ActiveCfg = Debug|Any CPU
		{3464F838-9CC8-4026-AD9C-A831F129E367}.Debug|Any CPU.Build.0 = Debug|Any CPU
		{3464F838-9CC8-4026-AD9C-A831F129E367}.Release|Any CPU.ActiveCfg = Release|Any CPU
		{3464F838-9CC8-4026-AD9C-A831F129E367}.Release|Any CPU.Build.0 = Release|Any CPU
	EndGlobalSection
	GlobalSection(SolutionProperties) = preSolution
		HideSolutionNode = FALSE
	EndGlobalSection
	GlobalSection(ExtensibilityGlobals) = postSolution
		SolutionGuid = {A2B44CD4-154E-41CE-A496-7407821187F3}
	EndGlobalSection
EndGlobal
