
Microsoft Visual Studio Solution File, Format Version 12.00
# Visual Studio 15
VisualStudioVersion = 15.0.27004.2008
MinimumVisualStudioVersion = 10.0.40219.1
Project("{FAE04EC0-301F-11D3-BF4B-00C04F79EFBC}") = "P01_HospitalDatabase", "P01_HospitalDatabase\P01_HospitalDatabase.csproj", "{B7AD5C21-C975-4E31-94CC-1ED730C0B00C}"
EndProject
Project("{FAE04EC0-301F-11D3-BF4B-00C04F79EFBC}") = "HospitalStartUp", "HospitalStartUp\HospitalStartUp.csproj", "{B00D75CE-7E25-4E40-ABA5-D4D30D3BA507}"
EndProject
Project("{9A19103F-16F7-4668-BE54-9A1E7A4F7556}") = "HospitalDatabaseInitializer", "HospitalDatabaseInitializer\HospitalDatabaseInitializer\HospitalDatabaseInitializer.csproj", "{A6F8996B-E7FD-46B2-848D-C2398723F290}"
EndProject
Global
	GlobalSection(SolutionConfigurationPlatforms) = preSolution
		Debug|Any CPU = Debug|Any CPU
		Release|Any CPU = Release|Any CPU
	EndGlobalSection
	GlobalSection(ProjectConfigurationPlatforms) = postSolution
		{B7AD5C21-C975-4E31-94CC-1ED730C0B00C}.Debug|Any CPU.ActiveCfg = Debug|Any CPU
		{B7AD5C21-C975-4E31-94CC-1ED730C0B00C}.Debug|Any CPU.Build.0 = Debug|Any CPU
		{B7AD5C21-C975-4E31-94CC-1ED730C0B00C}.Release|Any CPU.ActiveCfg = Release|Any CPU
		{B7AD5C21-C975-4E31-94CC-1ED730C0B00C}.Release|Any CPU.Build.0 = Release|Any CPU
		{B00D75CE-7E25-4E40-ABA5-D4D30D3BA507}.Debug|Any CPU.ActiveCfg = Debug|Any CPU
		{B00D75CE-7E25-4E40-ABA5-D4D30D3BA507}.Debug|Any CPU.Build.0 = Debug|Any CPU
		{B00D75CE-7E25-4E40-ABA5-D4D30D3BA507}.Release|Any CPU.ActiveCfg = Release|Any CPU
		{B00D75CE-7E25-4E40-ABA5-D4D30D3BA507}.Release|Any CPU.Build.0 = Release|Any CPU
		{A6F8996B-E7FD-46B2-848D-C2398723F290}.Debug|Any CPU.ActiveCfg = Debug|Any CPU
		{A6F8996B-E7FD-46B2-848D-C2398723F290}.Debug|Any CPU.Build.0 = Debug|Any CPU
		{A6F8996B-E7FD-46B2-848D-C2398723F290}.Release|Any CPU.ActiveCfg = Release|Any CPU
		{A6F8996B-E7FD-46B2-848D-C2398723F290}.Release|Any CPU.Build.0 = Release|Any CPU
	EndGlobalSection
	GlobalSection(SolutionProperties) = preSolution
		HideSolutionNode = FALSE
	EndGlobalSection
	GlobalSection(ExtensibilityGlobals) = postSolution
		SolutionGuid = {861536C0-7FED-4834-8A9B-3BB92A386181}
	EndGlobalSection
EndGlobal
