
Microsoft Visual Studio Solution File, Format Version 12.00
# Visual Studio 15
VisualStudioVersion = 15.0.27130.2027
MinimumVisualStudioVersion = 10.0.40219.1
Project("{FAE04EC0-301F-11D3-BF4B-00C04F79EFBC}") = "01. Dangerous Floor", "01. Dangerous Floor\01. Dangerous Floor.csproj", "{327DFCF6-2056-4842-A422-A3CD0292DB60}"
EndProject
Project("{FAE04EC0-301F-11D3-BF4B-00C04F79EFBC}") = "02. Crypto Master", "02. Crypto Master\02. Crypto Master.csproj", "{8C7AA33B-8344-4AAB-9233-70D9935CD37A}"
EndProject
Project("{FAE04EC0-301F-11D3-BF4B-00C04F79EFBC}") = "03. Greedy Times", "03. Greedy Times\03. Greedy Times.csproj", "{F6CFC990-8F78-406E-AD2E-36DEE3F8E5E6}"
EndProject
Project("{FAE04EC0-301F-11D3-BF4B-00C04F79EFBC}") = "04. Treasure Map", "04. Treasure Map\04. Treasure Map.csproj", "{B4C57988-14C9-41F0-92EA-B18032125CD1}"
EndProject
Global
	GlobalSection(SolutionConfigurationPlatforms) = preSolution
		Debug|Any CPU = Debug|Any CPU
		Release|Any CPU = Release|Any CPU
	EndGlobalSection
	GlobalSection(ProjectConfigurationPlatforms) = postSolution
		{327DFCF6-2056-4842-A422-A3CD0292DB60}.Debug|Any CPU.ActiveCfg = Debug|Any CPU
		{327DFCF6-2056-4842-A422-A3CD0292DB60}.Debug|Any CPU.Build.0 = Debug|Any CPU
		{327DFCF6-2056-4842-A422-A3CD0292DB60}.Release|Any CPU.ActiveCfg = Release|Any CPU
		{327DFCF6-2056-4842-A422-A3CD0292DB60}.Release|Any CPU.Build.0 = Release|Any CPU
		{8C7AA33B-8344-4AAB-9233-70D9935CD37A}.Debug|Any CPU.ActiveCfg = Debug|Any CPU
		{8C7AA33B-8344-4AAB-9233-70D9935CD37A}.Debug|Any CPU.Build.0 = Debug|Any CPU
		{8C7AA33B-8344-4AAB-9233-70D9935CD37A}.Release|Any CPU.ActiveCfg = Release|Any CPU
		{8C7AA33B-8344-4AAB-9233-70D9935CD37A}.Release|Any CPU.Build.0 = Release|Any CPU
		{F6CFC990-8F78-406E-AD2E-36DEE3F8E5E6}.Debug|Any CPU.ActiveCfg = Debug|Any CPU
		{F6CFC990-8F78-406E-AD2E-36DEE3F8E5E6}.Debug|Any CPU.Build.0 = Debug|Any CPU
		{F6CFC990-8F78-406E-AD2E-36DEE3F8E5E6}.Release|Any CPU.ActiveCfg = Release|Any CPU
		{F6CFC990-8F78-406E-AD2E-36DEE3F8E5E6}.Release|Any CPU.Build.0 = Release|Any CPU
		{B4C57988-14C9-41F0-92EA-B18032125CD1}.Debug|Any CPU.ActiveCfg = Debug|Any CPU
		{B4C57988-14C9-41F0-92EA-B18032125CD1}.Debug|Any CPU.Build.0 = Debug|Any CPU
		{B4C57988-14C9-41F0-92EA-B18032125CD1}.Release|Any CPU.ActiveCfg = Release|Any CPU
		{B4C57988-14C9-41F0-92EA-B18032125CD1}.Release|Any CPU.Build.0 = Release|Any CPU
	EndGlobalSection
	GlobalSection(SolutionProperties) = preSolution
		HideSolutionNode = FALSE
	EndGlobalSection
	GlobalSection(ExtensibilityGlobals) = postSolution
		SolutionGuid = {4517EEEB-65D2-49E0-A952-42E697C1230A}
	EndGlobalSection
EndGlobal
