
Microsoft Visual Studio Solution File, Format Version 12.00
# Visual Studio 15
VisualStudioVersion = 15.0.27130.2027
MinimumVisualStudioVersion = 10.0.40219.1
Project("{9A19103F-16F7-4668-BE54-9A1E7A4F7556}") = "01. Bank Account", "01. Bank Account\01. Bank Account.csproj", "{342BD4FE-710E-47A9-8734-BEFAC4D5C3EE}"
EndProject
Project("{9A19103F-16F7-4668-BE54-9A1E7A4F7556}") = "02. Bank Account Mathods", "02. Bank Account Mathods\02. Bank Account Mathods.csproj", "{0F8C9DE7-65C9-40FD-AA9E-616B34C5A6CB}"
EndProject
Project("{9A19103F-16F7-4668-BE54-9A1E7A4F7556}") = "03. Test Client", "03. Test Client\03. Test Client.csproj", "{5287C0CB-18E3-4A74-B8FF-9064544217EB}"
EndProject
Project("{FAE04EC0-301F-11D3-BF4B-00C04F79EFBC}") = "04. Person Class", "04. Person Class\04. Person Class.csproj", "{A77CFDCE-6825-4F95-BB5F-E780F46B8BF0}"
EndProject
Global
	GlobalSection(SolutionConfigurationPlatforms) = preSolution
		Debug|Any CPU = Debug|Any CPU
		Release|Any CPU = Release|Any CPU
	EndGlobalSection
	GlobalSection(ProjectConfigurationPlatforms) = postSolution
		{342BD4FE-710E-47A9-8734-BEFAC4D5C3EE}.Debug|Any CPU.ActiveCfg = Debug|Any CPU
		{342BD4FE-710E-47A9-8734-BEFAC4D5C3EE}.Debug|Any CPU.Build.0 = Debug|Any CPU
		{342BD4FE-710E-47A9-8734-BEFAC4D5C3EE}.Release|Any CPU.ActiveCfg = Release|Any CPU
		{342BD4FE-710E-47A9-8734-BEFAC4D5C3EE}.Release|Any CPU.Build.0 = Release|Any CPU
		{0F8C9DE7-65C9-40FD-AA9E-616B34C5A6CB}.Debug|Any CPU.ActiveCfg = Debug|Any CPU
		{0F8C9DE7-65C9-40FD-AA9E-616B34C5A6CB}.Debug|Any CPU.Build.0 = Debug|Any CPU
		{0F8C9DE7-65C9-40FD-AA9E-616B34C5A6CB}.Release|Any CPU.ActiveCfg = Release|Any CPU
		{0F8C9DE7-65C9-40FD-AA9E-616B34C5A6CB}.Release|Any CPU.Build.0 = Release|Any CPU
		{5287C0CB-18E3-4A74-B8FF-9064544217EB}.Debug|Any CPU.ActiveCfg = Debug|Any CPU
		{5287C0CB-18E3-4A74-B8FF-9064544217EB}.Debug|Any CPU.Build.0 = Debug|Any CPU
		{5287C0CB-18E3-4A74-B8FF-9064544217EB}.Release|Any CPU.ActiveCfg = Release|Any CPU
		{5287C0CB-18E3-4A74-B8FF-9064544217EB}.Release|Any CPU.Build.0 = Release|Any CPU
		{A77CFDCE-6825-4F95-BB5F-E780F46B8BF0}.Debug|Any CPU.ActiveCfg = Debug|Any CPU
		{A77CFDCE-6825-4F95-BB5F-E780F46B8BF0}.Debug|Any CPU.Build.0 = Debug|Any CPU
		{A77CFDCE-6825-4F95-BB5F-E780F46B8BF0}.Release|Any CPU.ActiveCfg = Release|Any CPU
		{A77CFDCE-6825-4F95-BB5F-E780F46B8BF0}.Release|Any CPU.Build.0 = Release|Any CPU
	EndGlobalSection
	GlobalSection(SolutionProperties) = preSolution
		HideSolutionNode = FALSE
	EndGlobalSection
	GlobalSection(ExtensibilityGlobals) = postSolution
		SolutionGuid = {D4C2F5DC-D821-4042-8EC4-42AF36F26F8C}
	EndGlobalSection
EndGlobal
