
Microsoft Visual Studio Solution File, Format Version 12.00
# Visual Studio 15
VisualStudioVersion = 15.0.27130.2036
MinimumVisualStudioVersion = 10.0.40219.1
Project("{FAE04EC0-301F-11D3-BF4B-00C04F79EFBC}") = "01.Shapes", "01.Shapes\01.Shapes.csproj", "{49AEFCC7-1D2C-41F6-8862-F6B4C031F0E9}"
EndProject
Project("{FAE04EC0-301F-11D3-BF4B-00C04F79EFBC}") = "02.Cars", "02.Cars\02.Cars.csproj", "{41D9CE98-15B2-409F-9622-0C1768EBF7DE}"
EndProject
Global
	GlobalSection(SolutionConfigurationPlatforms) = preSolution
		Debug|Any CPU = Debug|Any CPU
		Release|Any CPU = Release|Any CPU
	EndGlobalSection
	GlobalSection(ProjectConfigurationPlatforms) = postSolution
		{49AEFCC7-1D2C-41F6-8862-F6B4C031F0E9}.Debug|Any CPU.ActiveCfg = Debug|Any CPU
		{49AEFCC7-1D2C-41F6-8862-F6B4C031F0E9}.Debug|Any CPU.Build.0 = Debug|Any CPU
		{49AEFCC7-1D2C-41F6-8862-F6B4C031F0E9}.Release|Any CPU.ActiveCfg = Release|Any CPU
		{49AEFCC7-1D2C-41F6-8862-F6B4C031F0E9}.Release|Any CPU.Build.0 = Release|Any CPU
		{41D9CE98-15B2-409F-9622-0C1768EBF7DE}.Debug|Any CPU.ActiveCfg = Debug|Any CPU
		{41D9CE98-15B2-409F-9622-0C1768EBF7DE}.Debug|Any CPU.Build.0 = Debug|Any CPU
		{41D9CE98-15B2-409F-9622-0C1768EBF7DE}.Release|Any CPU.ActiveCfg = Release|Any CPU
		{41D9CE98-15B2-409F-9622-0C1768EBF7DE}.Release|Any CPU.Build.0 = Release|Any CPU
	EndGlobalSection
	GlobalSection(SolutionProperties) = preSolution
		HideSolutionNode = FALSE
	EndGlobalSection
	GlobalSection(ExtensibilityGlobals) = postSolution
		SolutionGuid = {5C3C8374-A735-4189-910C-60C2C60039B2}
	EndGlobalSection
EndGlobal
