
Microsoft Visual Studio Solution File, Format Version 12.00
# Visual Studio 15
VisualStudioVersion = 15.0.27130.2027
MinimumVisualStudioVersion = 10.0.40219.1
Project("{FAE04EC0-301F-11D3-BF4B-00C04F79EFBC}") = "BashSoft", "BashSoft\BashSoft.csproj", "{D3655AC3-93B6-4E89-800D-864D5EA50A99}"
EndProject
Global
	GlobalSection(SolutionConfigurationPlatforms) = preSolution
		Debug|Any CPU = Debug|Any CPU
		Release|Any CPU = Release|Any CPU
	EndGlobalSection
	GlobalSection(ProjectConfigurationPlatforms) = postSolution
		{D3655AC3-93B6-4E89-800D-864D5EA50A99}.Debug|Any CPU.ActiveCfg = Debug|Any CPU
		{D3655AC3-93B6-4E89-800D-864D5EA50A99}.Debug|Any CPU.Build.0 = Debug|Any CPU
		{D3655AC3-93B6-4E89-800D-864D5EA50A99}.Release|Any CPU.ActiveCfg = Release|Any CPU
		{D3655AC3-93B6-4E89-800D-864D5EA50A99}.Release|Any CPU.Build.0 = Release|Any CPU
	EndGlobalSection
	GlobalSection(SolutionProperties) = preSolution
		HideSolutionNode = FALSE
	EndGlobalSection
	GlobalSection(ExtensibilityGlobals) = postSolution
		SolutionGuid = {E217D0E8-7D9E-41DF-8623-9F56FE2D77A3}
	EndGlobalSection
EndGlobal
