
Microsoft Visual Studio Solution File, Format Version 12.00
# Visual Studio 15
VisualStudioVersion = 15.0.27130.2027
MinimumVisualStudioVersion = 10.0.40219.1
Project("{FAE04EC0-301F-11D3-BF4B-00C04F79EFBC}") = "01. Sort Even Numbers", "01. Sort Even Numbers\01. Sort Even Numbers.csproj", "{C7BEF3D5-AC8F-4717-B58D-6FCFBA6101F0}"
EndProject
Project("{FAE04EC0-301F-11D3-BF4B-00C04F79EFBC}") = "02. Sum Numbers", "02. Sum Numbers\02. Sum Numbers.csproj", "{95AC31BE-74FB-48B7-9F2E-C88FBDC51C84}"
EndProject
Project("{FAE04EC0-301F-11D3-BF4B-00C04F79EFBC}") = "03. Count Uppercase Words", "03. Count Uppercase Words\03. Count Uppercase Words.csproj", "{4950064C-BDFE-4A32-BDBD-2C96139D6EC3}"
EndProject
Project("{FAE04EC0-301F-11D3-BF4B-00C04F79EFBC}") = "04. Add VAT", "04. Add VAT\04. Add VAT.csproj", "{AE3F1B90-E1DB-47E8-AFF0-DC4BE5E4E273}"
EndProject
Project("{FAE04EC0-301F-11D3-BF4B-00C04F79EFBC}") = "05. Filter By Age", "05. Filter By Age\05. Filter By Age.csproj", "{F1231852-D0E8-49B5-A776-B0D1672087C3}"
EndProject
Project("{FAE04EC0-301F-11D3-BF4B-00C04F79EFBC}") = "00. Linq to Object Pref Testing", "00. Linq to Object Pref Testing\00. Linq to Object Pref Testing.csproj", "{97F91393-E7E3-4957-B572-A86A7CC933E5}"
EndProject
Global
	GlobalSection(SolutionConfigurationPlatforms) = preSolution
		Debug|Any CPU = Debug|Any CPU
		Release|Any CPU = Release|Any CPU
	EndGlobalSection
	GlobalSection(ProjectConfigurationPlatforms) = postSolution
		{C7BEF3D5-AC8F-4717-B58D-6FCFBA6101F0}.Debug|Any CPU.ActiveCfg = Debug|Any CPU
		{C7BEF3D5-AC8F-4717-B58D-6FCFBA6101F0}.Debug|Any CPU.Build.0 = Debug|Any CPU
		{C7BEF3D5-AC8F-4717-B58D-6FCFBA6101F0}.Release|Any CPU.ActiveCfg = Release|Any CPU
		{C7BEF3D5-AC8F-4717-B58D-6FCFBA6101F0}.Release|Any CPU.Build.0 = Release|Any CPU
		{95AC31BE-74FB-48B7-9F2E-C88FBDC51C84}.Debug|Any CPU.ActiveCfg = Debug|Any CPU
		{95AC31BE-74FB-48B7-9F2E-C88FBDC51C84}.Debug|Any CPU.Build.0 = Debug|Any CPU
		{95AC31BE-74FB-48B7-9F2E-C88FBDC51C84}.Release|Any CPU.ActiveCfg = Release|Any CPU
		{95AC31BE-74FB-48B7-9F2E-C88FBDC51C84}.Release|Any CPU.Build.0 = Release|Any CPU
		{4950064C-BDFE-4A32-BDBD-2C96139D6EC3}.Debug|Any CPU.ActiveCfg = Debug|Any CPU
		{4950064C-BDFE-4A32-BDBD-2C96139D6EC3}.Debug|Any CPU.Build.0 = Debug|Any CPU
		{4950064C-BDFE-4A32-BDBD-2C96139D6EC3}.Release|Any CPU.ActiveCfg = Release|Any CPU
		{4950064C-BDFE-4A32-BDBD-2C96139D6EC3}.Release|Any CPU.Build.0 = Release|Any CPU
		{AE3F1B90-E1DB-47E8-AFF0-DC4BE5E4E273}.Debug|Any CPU.ActiveCfg = Debug|Any CPU
		{AE3F1B90-E1DB-47E8-AFF0-DC4BE5E4E273}.Debug|Any CPU.Build.0 = Debug|Any CPU
		{AE3F1B90-E1DB-47E8-AFF0-DC4BE5E4E273}.Release|Any CPU.ActiveCfg = Release|Any CPU
		{AE3F1B90-E1DB-47E8-AFF0-DC4BE5E4E273}.Release|Any CPU.Build.0 = Release|Any CPU
		{F1231852-D0E8-49B5-A776-B0D1672087C3}.Debug|Any CPU.ActiveCfg = Debug|Any CPU
		{F1231852-D0E8-49B5-A776-B0D1672087C3}.Debug|Any CPU.Build.0 = Debug|Any CPU
		{F1231852-D0E8-49B5-A776-B0D1672087C3}.Release|Any CPU.ActiveCfg = Release|Any CPU
		{F1231852-D0E8-49B5-A776-B0D1672087C3}.Release|Any CPU.Build.0 = Release|Any CPU
		{97F91393-E7E3-4957-B572-A86A7CC933E5}.Debug|Any CPU.ActiveCfg = Debug|Any CPU
		{97F91393-E7E3-4957-B572-A86A7CC933E5}.Debug|Any CPU.Build.0 = Debug|Any CPU
		{97F91393-E7E3-4957-B572-A86A7CC933E5}.Release|Any CPU.ActiveCfg = Release|Any CPU
		{97F91393-E7E3-4957-B572-A86A7CC933E5}.Release|Any CPU.Build.0 = Release|Any CPU
	EndGlobalSection
	GlobalSection(SolutionProperties) = preSolution
		HideSolutionNode = FALSE
	EndGlobalSection
	GlobalSection(ExtensibilityGlobals) = postSolution
		SolutionGuid = {324BA5D7-CA0C-4682-AEF2-CDF982A49779}
	EndGlobalSection
EndGlobal
